
Microsoft Visual Studio Solution File, Format Version 12.00
# Visual Studio Version 17
VisualStudioVersion = 17.10.34928.147
MinimumVisualStudioVersion = 10.0.40219.1
Project("{FAE04EC0-301F-11D3-BF4B-00C04F79EFBC}") = "MusicPortalClient", "MusicPortalClient\MusicPortalClient.csproj", "{968BCB58-27DE-435F-9FB2-B9F9B7FAC845}"
EndProject
Global
	GlobalSection(SolutionConfigurationPlatforms) = preSolution
		Debug|Any CPU = Debug|Any CPU
		Release|Any CPU = Release|Any CPU
	EndGlobalSection
	GlobalSection(ProjectConfigurationPlatforms) = postSolution
		{968BCB58-27DE-435F-9FB2-B9F9B7FAC845}.Debug|Any CPU.ActiveCfg = Debug|Any CPU
		{968BCB58-27DE-435F-9FB2-B9F9B7FAC845}.Debug|Any CPU.Build.0 = Debug|Any CPU
		{968BCB58-27DE-435F-9FB2-B9F9B7FAC845}.Release|Any CPU.ActiveCfg = Release|Any CPU
		{968BCB58-27DE-435F-9FB2-B9F9B7FAC845}.Release|Any CPU.Build.0 = Release|Any CPU
	EndGlobalSection
	GlobalSection(SolutionProperties) = preSolution
		HideSolutionNode = FALSE
	EndGlobalSection
	GlobalSection(ExtensibilityGlobals) = postSolution
		SolutionGuid = {80F8AD73-6F1B-45A5-833D-B12B79454969}
	EndGlobalSection
EndGlobal
